// !$*UTF8*$!
{
	archiveVersion = 1;
	classes = {
	};
	objectVersion = 46;
	objects = {

/* Begin PBXBuildFile section */
		1BAB57375D939CC75DA77B42 /* Pods_ducktabTests.framework in Frameworks */ = {isa = PBXBuildFile; fileRef = 02A02157DA644B521821265B /* Pods_ducktabTests.framework */; };
		5DE15CC61DF279B6003ECD05 /* Treatment.swift in Sources */ = {isa = PBXBuildFile; fileRef = 5DE15CC51DF279B6003ECD05 /* Treatment.swift */; };
		5DE15CC81DF27A1E003ECD05 /* Terms.swift in Sources */ = {isa = PBXBuildFile; fileRef = 5DE15CC71DF27A1E003ECD05 /* Terms.swift */; };
		8EF392E04749D5A1C0B34806 /* Pods_ducktab.framework in Frameworks */ = {isa = PBXBuildFile; fileRef = EB16E4E519E8469D020A0B12 /* Pods_ducktab.framework */; };
		922877F1139849DC389A958C /* Pods_ducktabUITests.framework in Frameworks */ = {isa = PBXBuildFile; fileRef = 96071735A9D0C0800BFA1C4B /* Pods_ducktabUITests.framework */; };
		D20B5A941DB6F3F200F692AD /* QRcode.swift in Sources */ = {isa = PBXBuildFile; fileRef = D20B5A931DB6F3F200F692AD /* QRcode.swift */; };
		D24648681DC3DBCF0097AF5B /* QRInstruction.swift in Sources */ = {isa = PBXBuildFile; fileRef = D24648671DC3DBCF0097AF5B /* QRInstruction.swift */; };
		D254B1031DB5D435006569AA /* Gender.swift in Sources */ = {isa = PBXBuildFile; fileRef = D254B1021DB5D435006569AA /* Gender.swift */; };
		D254B1051DB5DE24006569AA /* Age.swift in Sources */ = {isa = PBXBuildFile; fileRef = D254B1041DB5DE24006569AA /* Age.swift */; };
		D254B1071DB5E56B006569AA /* Survey.swift in Sources */ = {isa = PBXBuildFile; fileRef = D254B1061DB5E56B006569AA /* Survey.swift */; };
		D28AD2611DB85FEC00B9284A /* DrawOwn.swift in Sources */ = {isa = PBXBuildFile; fileRef = D28AD2601DB85FEC00B9284A /* DrawOwn.swift */; };
		D29CFCA41DB714AB00B3CD65 /* GamePlayground.swift in Sources */ = {isa = PBXBuildFile; fileRef = D29CFCA31DB714AB00B3CD65 /* GamePlayground.swift */; };
		D2A5E2391DB5B395009070EE /* AppDelegate.swift in Sources */ = {isa = PBXBuildFile; fileRef = D2A5E2381DB5B395009070EE /* AppDelegate.swift */; };
		D2A5E23B1DB5B395009070EE /* Introduction.swift in Sources */ = {isa = PBXBuildFile; fileRef = D2A5E23A1DB5B395009070EE /* Introduction.swift */; };
		D2A5E23E1DB5B395009070EE /* Main.storyboard in Resources */ = {isa = PBXBuildFile; fileRef = D2A5E23C1DB5B395009070EE /* Main.storyboard */; };
		D2A5E2411DB5B395009070EE /* ducktab.xcdatamodeld in Sources */ = {isa = PBXBuildFile; fileRef = D2A5E23F1DB5B395009070EE /* ducktab.xcdatamodeld */; };
		D2A5E2431DB5B395009070EE /* Assets.xcassets in Resources */ = {isa = PBXBuildFile; fileRef = D2A5E2421DB5B395009070EE /* Assets.xcassets */; };
		D2A5E2461DB5B395009070EE /* LaunchScreen.storyboard in Resources */ = {isa = PBXBuildFile; fileRef = D2A5E2441DB5B395009070EE /* LaunchScreen.storyboard */; };
		D2A5E2511DB5B395009070EE /* ducktabTests.swift in Sources */ = {isa = PBXBuildFile; fileRef = D2A5E2501DB5B395009070EE /* ducktabTests.swift */; };
		D2A5E25C1DB5B395009070EE /* ducktabUITests.swift in Sources */ = {isa = PBXBuildFile; fileRef = D2A5E25B1DB5B395009070EE /* ducktabUITests.swift */; };
		D2A5E26C1DB5B3FF009070EE /* GoogleService-Info.plist in Resources */ = {isa = PBXBuildFile; fileRef = D2A5E26B1DB5B3FF009070EE /* GoogleService-Info.plist */; };
/* End PBXBuildFile section */

/* Begin PBXContainerItemProxy section */
		D2A5E24D1DB5B395009070EE /* PBXContainerItemProxy */ = {
			isa = PBXContainerItemProxy;
			containerPortal = D2A5E22D1DB5B395009070EE /* Project object */;
			proxyType = 1;
			remoteGlobalIDString = D2A5E2341DB5B395009070EE;
			remoteInfo = ducktab;
		};
		D2A5E2581DB5B395009070EE /* PBXContainerItemProxy */ = {
			isa = PBXContainerItemProxy;
			containerPortal = D2A5E22D1DB5B395009070EE /* Project object */;
			proxyType = 1;
			remoteGlobalIDString = D2A5E2341DB5B395009070EE;
			remoteInfo = ducktab;
		};
/* End PBXContainerItemProxy section */

/* Begin PBXFileReference section */
		02A02157DA644B521821265B /* Pods_ducktabTests.framework */ = {isa = PBXFileReference; explicitFileType = wrapper.framework; includeInIndex = 0; path = Pods_ducktabTests.framework; sourceTree = BUILT_PRODUCTS_DIR; };
		33D95F14C35993E71F305E65 /* Pods-ducktabUITests.release.xcconfig */ = {isa = PBXFileReference; includeInIndex = 1; lastKnownFileType = text.xcconfig; name = "Pods-ducktabUITests.release.xcconfig"; path = "Pods/Target Support Files/Pods-ducktabUITests/Pods-ducktabUITests.release.xcconfig"; sourceTree = "<group>"; };
		4E1F023619EA94029E1ACE0B /* Pods-ducktabTests.release.xcconfig */ = {isa = PBXFileReference; includeInIndex = 1; lastKnownFileType = text.xcconfig; name = "Pods-ducktabTests.release.xcconfig"; path = "Pods/Target Support Files/Pods-ducktabTests/Pods-ducktabTests.release.xcconfig"; sourceTree = "<group>"; };
		5DE15CC51DF279B6003ECD05 /* Treatment.swift */ = {isa = PBXFileReference; fileEncoding = 4; lastKnownFileType = sourcecode.swift; path = Treatment.swift; sourceTree = "<group>"; };
		5DE15CC71DF27A1E003ECD05 /* Terms.swift */ = {isa = PBXFileReference; fileEncoding = 4; lastKnownFileType = sourcecode.swift; path = Terms.swift; sourceTree = "<group>"; };
		5FE1D1EFA78274DB9016B2A4 /* Pods-ducktabUITests.debug.xcconfig */ = {isa = PBXFileReference; includeInIndex = 1; lastKnownFileType = text.xcconfig; name = "Pods-ducktabUITests.debug.xcconfig"; path = "Pods/Target Support Files/Pods-ducktabUITests/Pods-ducktabUITests.debug.xcconfig"; sourceTree = "<group>"; };
		6B7FCB47302D00E2ED3B309A /* Pods-ducktab.release.xcconfig */ = {isa = PBXFileReference; includeInIndex = 1; lastKnownFileType = text.xcconfig; name = "Pods-ducktab.release.xcconfig"; path = "Pods/Target Support Files/Pods-ducktab/Pods-ducktab.release.xcconfig"; sourceTree = "<group>"; };
		96071735A9D0C0800BFA1C4B /* Pods_ducktabUITests.framework */ = {isa = PBXFileReference; explicitFileType = wrapper.framework; includeInIndex = 0; path = Pods_ducktabUITests.framework; sourceTree = BUILT_PRODUCTS_DIR; };
		D20B5A931DB6F3F200F692AD /* QRcode.swift */ = {isa = PBXFileReference; fileEncoding = 4; lastKnownFileType = sourcecode.swift; path = QRcode.swift; sourceTree = "<group>"; };
		D24648671DC3DBCF0097AF5B /* QRInstruction.swift */ = {isa = PBXFileReference; fileEncoding = 4; lastKnownFileType = sourcecode.swift; path = QRInstruction.swift; sourceTree = "<group>"; };
		D254B1021DB5D435006569AA /* Gender.swift */ = {isa = PBXFileReference; fileEncoding = 4; lastKnownFileType = sourcecode.swift; path = Gender.swift; sourceTree = "<group>"; };
		D254B1041DB5DE24006569AA /* Age.swift */ = {isa = PBXFileReference; fileEncoding = 4; lastKnownFileType = sourcecode.swift; path = Age.swift; sourceTree = "<group>"; };
		D254B1061DB5E56B006569AA /* Survey.swift */ = {isa = PBXFileReference; fileEncoding = 4; lastKnownFileType = sourcecode.swift; path = Survey.swift; sourceTree = "<group>"; };
		D28AD2601DB85FEC00B9284A /* DrawOwn.swift */ = {isa = PBXFileReference; fileEncoding = 4; lastKnownFileType = sourcecode.swift; path = DrawOwn.swift; sourceTree = "<group>"; };
		D29CFCA31DB714AB00B3CD65 /* GamePlayground.swift */ = {isa = PBXFileReference; fileEncoding = 4; lastKnownFileType = sourcecode.swift; path = GamePlayground.swift; sourceTree = "<group>"; };
		D2A5E2351DB5B395009070EE /* ducktab.app */ = {isa = PBXFileReference; explicitFileType = wrapper.application; includeInIndex = 0; path = ducktab.app; sourceTree = BUILT_PRODUCTS_DIR; };
		D2A5E2381DB5B395009070EE /* AppDelegate.swift */ = {isa = PBXFileReference; lastKnownFileType = sourcecode.swift; path = AppDelegate.swift; sourceTree = "<group>"; };
		D2A5E23A1DB5B395009070EE /* Introduction.swift */ = {isa = PBXFileReference; lastKnownFileType = sourcecode.swift; path = Introduction.swift; sourceTree = "<group>"; };
		D2A5E23D1DB5B395009070EE /* Base */ = {isa = PBXFileReference; lastKnownFileType = file.storyboard; name = Base; path = Base.lproj/Main.storyboard; sourceTree = "<group>"; };
		D2A5E2401DB5B395009070EE /* ducktab.xcdatamodel */ = {isa = PBXFileReference; lastKnownFileType = wrapper.xcdatamodel; path = ducktab.xcdatamodel; sourceTree = "<group>"; };
		D2A5E2421DB5B395009070EE /* Assets.xcassets */ = {isa = PBXFileReference; lastKnownFileType = folder.assetcatalog; path = Assets.xcassets; sourceTree = "<group>"; };
		D2A5E2451DB5B395009070EE /* Base */ = {isa = PBXFileReference; lastKnownFileType = file.storyboard; name = Base; path = Base.lproj/LaunchScreen.storyboard; sourceTree = "<group>"; };
		D2A5E2471DB5B395009070EE /* Info.plist */ = {isa = PBXFileReference; lastKnownFileType = text.plist.xml; path = Info.plist; sourceTree = "<group>"; };
		D2A5E24C1DB5B395009070EE /* ducktabTests.xctest */ = {isa = PBXFileReference; explicitFileType = wrapper.cfbundle; includeInIndex = 0; path = ducktabTests.xctest; sourceTree = BUILT_PRODUCTS_DIR; };
		D2A5E2501DB5B395009070EE /* ducktabTests.swift */ = {isa = PBXFileReference; lastKnownFileType = sourcecode.swift; path = ducktabTests.swift; sourceTree = "<group>"; };
		D2A5E2521DB5B395009070EE /* Info.plist */ = {isa = PBXFileReference; lastKnownFileType = text.plist.xml; path = Info.plist; sourceTree = "<group>"; };
		D2A5E2571DB5B395009070EE /* ducktabUITests.xctest */ = {isa = PBXFileReference; explicitFileType = wrapper.cfbundle; includeInIndex = 0; path = ducktabUITests.xctest; sourceTree = BUILT_PRODUCTS_DIR; };
		D2A5E25B1DB5B395009070EE /* ducktabUITests.swift */ = {isa = PBXFileReference; lastKnownFileType = sourcecode.swift; path = ducktabUITests.swift; sourceTree = "<group>"; };
		D2A5E25D1DB5B395009070EE /* Info.plist */ = {isa = PBXFileReference; lastKnownFileType = text.plist.xml; path = Info.plist; sourceTree = "<group>"; };
		D2A5E26B1DB5B3FF009070EE /* GoogleService-Info.plist */ = {isa = PBXFileReference; fileEncoding = 4; lastKnownFileType = text.plist.xml; path = "GoogleService-Info.plist"; sourceTree = "<group>"; };
		E56B5D360D27835A92835096 /* Pods-ducktabTests.debug.xcconfig */ = {isa = PBXFileReference; includeInIndex = 1; lastKnownFileType = text.xcconfig; name = "Pods-ducktabTests.debug.xcconfig"; path = "Pods/Target Support Files/Pods-ducktabTests/Pods-ducktabTests.debug.xcconfig"; sourceTree = "<group>"; };
		EB16E4E519E8469D020A0B12 /* Pods_ducktab.framework */ = {isa = PBXFileReference; explicitFileType = wrapper.framework; includeInIndex = 0; path = Pods_ducktab.framework; sourceTree = BUILT_PRODUCTS_DIR; };
		F2FBD78D68CB480CB4B221A7 /* Pods-ducktab.debug.xcconfig */ = {isa = PBXFileReference; includeInIndex = 1; lastKnownFileType = text.xcconfig; name = "Pods-ducktab.debug.xcconfig"; path = "Pods/Target Support Files/Pods-ducktab/Pods-ducktab.debug.xcconfig"; sourceTree = "<group>"; };
/* End PBXFileReference section */

/* Begin PBXFrameworksBuildPhase section */
		D2A5E2321DB5B395009070EE /* Frameworks */ = {
			isa = PBXFrameworksBuildPhase;
			buildActionMask = 2147483647;
			files = (
				8EF392E04749D5A1C0B34806 /* Pods_ducktab.framework in Frameworks */,
			);
			runOnlyForDeploymentPostprocessing = 0;
		};
		D2A5E2491DB5B395009070EE /* Frameworks */ = {
			isa = PBXFrameworksBuildPhase;
			buildActionMask = 2147483647;
			files = (
				1BAB57375D939CC75DA77B42 /* Pods_ducktabTests.framework in Frameworks */,
			);
			runOnlyForDeploymentPostprocessing = 0;
		};
		D2A5E2541DB5B395009070EE /* Frameworks */ = {
			isa = PBXFrameworksBuildPhase;
			buildActionMask = 2147483647;
			files = (
				922877F1139849DC389A958C /* Pods_ducktabUITests.framework in Frameworks */,
			);
			runOnlyForDeploymentPostprocessing = 0;
		};
/* End PBXFrameworksBuildPhase section */

/* Begin PBXGroup section */
		2D0862ABB45F6ECA4B2FF73E /* Frameworks */ = {
			isa = PBXGroup;
			children = (
				EB16E4E519E8469D020A0B12 /* Pods_ducktab.framework */,
				02A02157DA644B521821265B /* Pods_ducktabTests.framework */,
				96071735A9D0C0800BFA1C4B /* Pods_ducktabUITests.framework */,
			);
			name = Frameworks;
			sourceTree = "<group>";
		};
		8206608760A16B750BBDB6B9 /* Pods */ = {
			isa = PBXGroup;
			children = (
				F2FBD78D68CB480CB4B221A7 /* Pods-ducktab.debug.xcconfig */,
				6B7FCB47302D00E2ED3B309A /* Pods-ducktab.release.xcconfig */,
				E56B5D360D27835A92835096 /* Pods-ducktabTests.debug.xcconfig */,
				4E1F023619EA94029E1ACE0B /* Pods-ducktabTests.release.xcconfig */,
				5FE1D1EFA78274DB9016B2A4 /* Pods-ducktabUITests.debug.xcconfig */,
				33D95F14C35993E71F305E65 /* Pods-ducktabUITests.release.xcconfig */,
			);
			name = Pods;
			sourceTree = "<group>";
		};
		D2A5E22C1DB5B395009070EE = {
			isa = PBXGroup;
			children = (
				D2A5E2371DB5B395009070EE /* ducktab */,
				D2A5E24F1DB5B395009070EE /* ducktabTests */,
				D2A5E25A1DB5B395009070EE /* ducktabUITests */,
				D2A5E2361DB5B395009070EE /* Products */,
				8206608760A16B750BBDB6B9 /* Pods */,
				2D0862ABB45F6ECA4B2FF73E /* Frameworks */,
			);
			sourceTree = "<group>";
		};
		D2A5E2361DB5B395009070EE /* Products */ = {
			isa = PBXGroup;
			children = (
				D2A5E2351DB5B395009070EE /* ducktab.app */,
				D2A5E24C1DB5B395009070EE /* ducktabTests.xctest */,
				D2A5E2571DB5B395009070EE /* ducktabUITests.xctest */,
			);
			name = Products;
			sourceTree = "<group>";
		};
		D2A5E2371DB5B395009070EE /* ducktab */ = {
			isa = PBXGroup;
			children = (
				D2A5E26B1DB5B3FF009070EE /* GoogleService-Info.plist */,
				D2A5E2381DB5B395009070EE /* AppDelegate.swift */,
				D2A5E23A1DB5B395009070EE /* Introduction.swift */,
				D2A5E23C1DB5B395009070EE /* Main.storyboard */,
				5DE15CC71DF27A1E003ECD05 /* Terms.swift */,
				D24648671DC3DBCF0097AF5B /* QRInstruction.swift */,
				D20B5A931DB6F3F200F692AD /* QRcode.swift */,
				D254B1041DB5DE24006569AA /* Age.swift */,
				D2A5E2421DB5B395009070EE /* Assets.xcassets */,
				D2A5E2441DB5B395009070EE /* LaunchScreen.storyboard */,
				D2A5E2471DB5B395009070EE /* Info.plist */,
				D2A5E23F1DB5B395009070EE /* ducktab.xcdatamodeld */,
				D254B1021DB5D435006569AA /* Gender.swift */,
				D254B1061DB5E56B006569AA /* Survey.swift */,
				D29CFCA31DB714AB00B3CD65 /* GamePlayground.swift */,
				D28AD2601DB85FEC00B9284A /* DrawOwn.swift */,
				5DE15CC51DF279B6003ECD05 /* Treatment.swift */,
			);
			path = ducktab;
			sourceTree = "<group>";
		};
		D2A5E24F1DB5B395009070EE /* ducktabTests */ = {
			isa = PBXGroup;
			children = (
				D2A5E2501DB5B395009070EE /* ducktabTests.swift */,
				D2A5E2521DB5B395009070EE /* Info.plist */,
			);
			path = ducktabTests;
			sourceTree = "<group>";
		};
		D2A5E25A1DB5B395009070EE /* ducktabUITests */ = {
			isa = PBXGroup;
			children = (
				D2A5E25B1DB5B395009070EE /* ducktabUITests.swift */,
				D2A5E25D1DB5B395009070EE /* Info.plist */,
			);
			path = ducktabUITests;
			sourceTree = "<group>";
		};
/* End PBXGroup section */

/* Begin PBXNativeTarget section */
		D2A5E2341DB5B395009070EE /* ducktab */ = {
			isa = PBXNativeTarget;
			buildConfigurationList = D2A5E2601DB5B395009070EE /* Build configuration list for PBXNativeTarget "ducktab" */;
			buildPhases = (
				F0D46B0BB965F4404B123B2D /* [CP] Check Pods Manifest.lock */,
				D2A5E2311DB5B395009070EE /* Sources */,
				D2A5E2321DB5B395009070EE /* Frameworks */,
				D2A5E2331DB5B395009070EE /* Resources */,
				4A17EF89B592BB88A12781B7 /* [CP] Embed Pods Frameworks */,
				F15B47FAE4D5876EC8790403 /* [CP] Copy Pods Resources */,
			);
			buildRules = (
			);
			dependencies = (
			);
			name = ducktab;
			productName = ducktab;
			productReference = D2A5E2351DB5B395009070EE /* ducktab.app */;
			productType = "com.apple.product-type.application";
		};
		D2A5E24B1DB5B395009070EE /* ducktabTests */ = {
			isa = PBXNativeTarget;
			buildConfigurationList = D2A5E2631DB5B395009070EE /* Build configuration list for PBXNativeTarget "ducktabTests" */;
			buildPhases = (
				F5708AE3B43AAFDC5711C270 /* [CP] Check Pods Manifest.lock */,
				D2A5E2481DB5B395009070EE /* Sources */,
				D2A5E2491DB5B395009070EE /* Frameworks */,
				D2A5E24A1DB5B395009070EE /* Resources */,
				F3343FA5A04DC00482B3D8B6 /* [CP] Embed Pods Frameworks */,
				9FA29DC6B286B451F7A9AA23 /* [CP] Copy Pods Resources */,
			);
			buildRules = (
			);
			dependencies = (
				D2A5E24E1DB5B395009070EE /* PBXTargetDependency */,
			);
			name = ducktabTests;
			productName = ducktabTests;
			productReference = D2A5E24C1DB5B395009070EE /* ducktabTests.xctest */;
			productType = "com.apple.product-type.bundle.unit-test";
		};
		D2A5E2561DB5B395009070EE /* ducktabUITests */ = {
			isa = PBXNativeTarget;
			buildConfigurationList = D2A5E2661DB5B395009070EE /* Build configuration list for PBXNativeTarget "ducktabUITests" */;
			buildPhases = (
				21E01FA0B890AA8B3C0C0EA0 /* [CP] Check Pods Manifest.lock */,
				D2A5E2531DB5B395009070EE /* Sources */,
				D2A5E2541DB5B395009070EE /* Frameworks */,
				D2A5E2551DB5B395009070EE /* Resources */,
				3831DA30FD620A83761D900B /* [CP] Embed Pods Frameworks */,
				E64E173886B4E45623EA8E60 /* [CP] Copy Pods Resources */,
			);
			buildRules = (
			);
			dependencies = (
				D2A5E2591DB5B395009070EE /* PBXTargetDependency */,
			);
			name = ducktabUITests;
			productName = ducktabUITests;
			productReference = D2A5E2571DB5B395009070EE /* ducktabUITests.xctest */;
			productType = "com.apple.product-type.bundle.ui-testing";
		};
/* End PBXNativeTarget section */

/* Begin PBXProject section */
		D2A5E22D1DB5B395009070EE /* Project object */ = {
			isa = PBXProject;
			attributes = {
				LastSwiftUpdateCheck = 0730;
				LastUpgradeCheck = 0730;
				ORGANIZATIONNAME = gatech.edu;
				TargetAttributes = {
					D2A5E2341DB5B395009070EE = {
						CreatedOnToolsVersion = 7.3.1;
						DevelopmentTeam = JAEK7PRRU8;
						LastSwiftMigration = 0800;
					};
					D2A5E24B1DB5B395009070EE = {
						CreatedOnToolsVersion = 7.3.1;
						TestTargetID = D2A5E2341DB5B395009070EE;
					};
					D2A5E2561DB5B395009070EE = {
						CreatedOnToolsVersion = 7.3.1;
						TestTargetID = D2A5E2341DB5B395009070EE;
					};
				};
			};
			buildConfigurationList = D2A5E2301DB5B395009070EE /* Build configuration list for PBXProject "ducktab" */;
			compatibilityVersion = "Xcode 3.2";
			developmentRegion = English;
			hasScannedForEncodings = 0;
			knownRegions = (
				en,
				Base,
			);
			mainGroup = D2A5E22C1DB5B395009070EE;
			productRefGroup = D2A5E2361DB5B395009070EE /* Products */;
			projectDirPath = "";
			projectRoot = "";
			targets = (
				D2A5E2341DB5B395009070EE /* ducktab */,
				D2A5E24B1DB5B395009070EE /* ducktabTests */,
				D2A5E2561DB5B395009070EE /* ducktabUITests */,
			);
		};
/* End PBXProject section */

/* Begin PBXResourcesBuildPhase section */
		D2A5E2331DB5B395009070EE /* Resources */ = {
			isa = PBXResourcesBuildPhase;
			buildActionMask = 2147483647;
			files = (
				D2A5E2461DB5B395009070EE /* LaunchScreen.storyboard in Resources */,
				D2A5E26C1DB5B3FF009070EE /* GoogleService-Info.plist in Resources */,
				D2A5E2431DB5B395009070EE /* Assets.xcassets in Resources */,
				D2A5E23E1DB5B395009070EE /* Main.storyboard in Resources */,
			);
			runOnlyForDeploymentPostprocessing = 0;
		};
		D2A5E24A1DB5B395009070EE /* Resources */ = {
			isa = PBXResourcesBuildPhase;
			buildActionMask = 2147483647;
			files = (
			);
			runOnlyForDeploymentPostprocessing = 0;
		};
		D2A5E2551DB5B395009070EE /* Resources */ = {
			isa = PBXResourcesBuildPhase;
			buildActionMask = 2147483647;
			files = (
			);
			runOnlyForDeploymentPostprocessing = 0;
		};
/* End PBXResourcesBuildPhase section */

/* Begin PBXShellScriptBuildPhase section */
		21E01FA0B890AA8B3C0C0EA0 /* [CP] Check Pods Manifest.lock */ = {
			isa = PBXShellScriptBuildPhase;
			buildActionMask = 2147483647;
			files = (
			);
			inputPaths = (
			);
			name = "[CP] Check Pods Manifest.lock";
			outputPaths = (
			);
			runOnlyForDeploymentPostprocessing = 0;
			shellPath = /bin/sh;
			shellScript = "diff \"${PODS_ROOT}/../Podfile.lock\" \"${PODS_ROOT}/Manifest.lock\" > /dev/null\nif [[ $? != 0 ]] ; then\n    cat << EOM\nerror: The sandbox is not in sync with the Podfile.lock. Run 'pod install' or update your CocoaPods installation.\nEOM\n    exit 1\nfi\n";
			showEnvVarsInLog = 0;
		};
		3831DA30FD620A83761D900B /* [CP] Embed Pods Frameworks */ = {
			isa = PBXShellScriptBuildPhase;
			buildActionMask = 2147483647;
			files = (
			);
			inputPaths = (
			);
			name = "[CP] Embed Pods Frameworks";
			outputPaths = (
			);
			runOnlyForDeploymentPostprocessing = 0;
			shellPath = /bin/sh;
			shellScript = "\"${SRCROOT}/Pods/Target Support Files/Pods-ducktabUITests/Pods-ducktabUITests-frameworks.sh\"\n";
			showEnvVarsInLog = 0;
		};
		4A17EF89B592BB88A12781B7 /* [CP] Embed Pods Frameworks */ = {
			isa = PBXShellScriptBuildPhase;
			buildActionMask = 2147483647;
			files = (
			);
			inputPaths = (
			);
			name = "[CP] Embed Pods Frameworks";
			outputPaths = (
			);
			runOnlyForDeploymentPostprocessing = 0;
			shellPath = /bin/sh;
			shellScript = "\"${SRCROOT}/Pods/Target Support Files/Pods-ducktab/Pods-ducktab-frameworks.sh\"\n";
			showEnvVarsInLog = 0;
		};
		9FA29DC6B286B451F7A9AA23 /* [CP] Copy Pods Resources */ = {
			isa = PBXShellScriptBuildPhase;
			buildActionMask = 2147483647;
			files = (
			);
			inputPaths = (
			);
			name = "[CP] Copy Pods Resources";
			outputPaths = (
			);
			runOnlyForDeploymentPostprocessing = 0;
			shellPath = /bin/sh;
			shellScript = "\"${SRCROOT}/Pods/Target Support Files/Pods-ducktabTests/Pods-ducktabTests-resources.sh\"\n";
			showEnvVarsInLog = 0;
		};
		E64E173886B4E45623EA8E60 /* [CP] Copy Pods Resources */ = {
			isa = PBXShellScriptBuildPhase;
			buildActionMask = 2147483647;
			files = (
			);
			inputPaths = (
			);
			name = "[CP] Copy Pods Resources";
			outputPaths = (
			);
			runOnlyForDeploymentPostprocessing = 0;
			shellPath = /bin/sh;
			shellScript = "\"${SRCROOT}/Pods/Target Support Files/Pods-ducktabUITests/Pods-ducktabUITests-resources.sh\"\n";
			showEnvVarsInLog = 0;
		};
		F0D46B0BB965F4404B123B2D /* [CP] Check Pods Manifest.lock */ = {
			isa = PBXShellScriptBuildPhase;
			buildActionMask = 2147483647;
			files = (
			);
			inputPaths = (
			);
			name = "[CP] Check Pods Manifest.lock";
			outputPaths = (
			);
			runOnlyForDeploymentPostprocessing = 0;
			shellPath = /bin/sh;
			shellScript = "diff \"${PODS_ROOT}/../Podfile.lock\" \"${PODS_ROOT}/Manifest.lock\" > /dev/null\nif [[ $? != 0 ]] ; then\n    cat << EOM\nerror: The sandbox is not in sync with the Podfile.lock. Run 'pod install' or update your CocoaPods installation.\nEOM\n    exit 1\nfi\n";
			showEnvVarsInLog = 0;
		};
		F15B47FAE4D5876EC8790403 /* [CP] Copy Pods Resources */ = {
			isa = PBXShellScriptBuildPhase;
			buildActionMask = 2147483647;
			files = (
			);
			inputPaths = (
			);
			name = "[CP] Copy Pods Resources";
			outputPaths = (
			);
			runOnlyForDeploymentPostprocessing = 0;
			shellPath = /bin/sh;
			shellScript = "\"${SRCROOT}/Pods/Target Support Files/Pods-ducktab/Pods-ducktab-resources.sh\"\n";
			showEnvVarsInLog = 0;
		};
		F3343FA5A04DC00482B3D8B6 /* [CP] Embed Pods Frameworks */ = {
			isa = PBXShellScriptBuildPhase;
			buildActionMask = 2147483647;
			files = (
			);
			inputPaths = (
			);
			name = "[CP] Embed Pods Frameworks";
			outputPaths = (
			);
			runOnlyForDeploymentPostprocessing = 0;
			shellPath = /bin/sh;
			shellScript = "\"${SRCROOT}/Pods/Target Support Files/Pods-ducktabTests/Pods-ducktabTests-frameworks.sh\"\n";
			showEnvVarsInLog = 0;
		};
		F5708AE3B43AAFDC5711C270 /* [CP] Check Pods Manifest.lock */ = {
			isa = PBXShellScriptBuildPhase;
			buildActionMask = 2147483647;
			files = (
			);
			inputPaths = (
			);
			name = "[CP] Check Pods Manifest.lock";
			outputPaths = (
			);
			runOnlyForDeploymentPostprocessing = 0;
			shellPath = /bin/sh;
			shellScript = "diff \"${PODS_ROOT}/../Podfile.lock\" \"${PODS_ROOT}/Manifest.lock\" > /dev/null\nif [[ $? != 0 ]] ; then\n    cat << EOM\nerror: The sandbox is not in sync with the Podfile.lock. Run 'pod install' or update your CocoaPods installation.\nEOM\n    exit 1\nfi\n";
			showEnvVarsInLog = 0;
		};
/* End PBXShellScriptBuildPhase section */

/* Begin PBXSourcesBuildPhase section */
		D2A5E2311DB5B395009070EE /* Sources */ = {
			isa = PBXSourcesBuildPhase;
			buildActionMask = 2147483647;
			files = (
				D254B1031DB5D435006569AA /* Gender.swift in Sources */,
				D2A5E23B1DB5B395009070EE /* Introduction.swift in Sources */,
				D2A5E2411DB5B395009070EE /* ducktab.xcdatamodeld in Sources */,
				D254B1071DB5E56B006569AA /* Survey.swift in Sources */,
				D254B1051DB5DE24006569AA /* Age.swift in Sources */,
				5DE15CC81DF27A1E003ECD05 /* Terms.swift in Sources */,
				D2A5E2391DB5B395009070EE /* AppDelegate.swift in Sources */,
				5DE15CC61DF279B6003ECD05 /* Treatment.swift in Sources */,
				D29CFCA41DB714AB00B3CD65 /* GamePlayground.swift in Sources */,
				D20B5A941DB6F3F200F692AD /* QRcode.swift in Sources */,
				D28AD2611DB85FEC00B9284A /* DrawOwn.swift in Sources */,
				D24648681DC3DBCF0097AF5B /* QRInstruction.swift in Sources */,
			);
			runOnlyForDeploymentPostprocessing = 0;
		};
		D2A5E2481DB5B395009070EE /* Sources */ = {
			isa = PBXSourcesBuildPhase;
			buildActionMask = 2147483647;
			files = (
				D2A5E2511DB5B395009070EE /* ducktabTests.swift in Sources */,
			);
			runOnlyForDeploymentPostprocessing = 0;
		};
		D2A5E2531DB5B395009070EE /* Sources */ = {
			isa = PBXSourcesBuildPhase;
			buildActionMask = 2147483647;
			files = (
				D2A5E25C1DB5B395009070EE /* ducktabUITests.swift in Sources */,
			);
			runOnlyForDeploymentPostprocessing = 0;
		};
/* End PBXSourcesBuildPhase section */

/* Begin PBXTargetDependency section */
		D2A5E24E1DB5B395009070EE /* PBXTargetDependency */ = {
			isa = PBXTargetDependency;
			target = D2A5E2341DB5B395009070EE /* ducktab */;
			targetProxy = D2A5E24D1DB5B395009070EE /* PBXContainerItemProxy */;
		};
		D2A5E2591DB5B395009070EE /* PBXTargetDependency */ = {
			isa = PBXTargetDependency;
			target = D2A5E2341DB5B395009070EE /* ducktab */;
			targetProxy = D2A5E2581DB5B395009070EE /* PBXContainerItemProxy */;
		};
/* End PBXTargetDependency section */

/* Begin PBXVariantGroup section */
		D2A5E23C1DB5B395009070EE /* Main.storyboard */ = {
			isa = PBXVariantGroup;
			children = (
				D2A5E23D1DB5B395009070EE /* Base */,
			);
			name = Main.storyboard;
			sourceTree = "<group>";
		};
		D2A5E2441DB5B395009070EE /* LaunchScreen.storyboard */ = {
			isa = PBXVariantGroup;
			children = (
				D2A5E2451DB5B395009070EE /* Base */,
			);
			name = LaunchScreen.storyboard;
			sourceTree = "<group>";
		};
/* End PBXVariantGroup section */

/* Begin XCBuildConfiguration section */
		D2A5E25E1DB5B395009070EE /* Debug */ = {
			isa = XCBuildConfiguration;
			buildSettings = {
				ALWAYS_SEARCH_USER_PATHS = NO;
				CLANG_ANALYZER_NONNULL = YES;
				CLANG_CXX_LANGUAGE_STANDARD = "gnu++0x";
				CLANG_CXX_LIBRARY = "libc++";
				CLANG_ENABLE_MODULES = YES;
				CLANG_ENABLE_OBJC_ARC = YES;
				CLANG_WARN_BOOL_CONVERSION = YES;
				CLANG_WARN_CONSTANT_CONVERSION = YES;
				CLANG_WARN_DIRECT_OBJC_ISA_USAGE = YES_ERROR;
				CLANG_WARN_EMPTY_BODY = YES;
				CLANG_WARN_ENUM_CONVERSION = YES;
				CLANG_WARN_INT_CONVERSION = YES;
				CLANG_WARN_OBJC_ROOT_CLASS = YES_ERROR;
				CLANG_WARN_UNREACHABLE_CODE = YES;
				CLANG_WARN__DUPLICATE_METHOD_MATCH = YES;
				"CODE_SIGN_IDENTITY[sdk=iphoneos*]" = "iPhone Developer";
				COPY_PHASE_STRIP = NO;
				DEBUG_INFORMATION_FORMAT = dwarf;
				ENABLE_STRICT_OBJC_MSGSEND = YES;
				ENABLE_TESTABILITY = YES;
				GCC_C_LANGUAGE_STANDARD = gnu99;
				GCC_DYNAMIC_NO_PIC = NO;
				GCC_NO_COMMON_BLOCKS = YES;
				GCC_OPTIMIZATION_LEVEL = 0;
				GCC_PREPROCESSOR_DEFINITIONS = (
					"DEBUG=1",
					"$(inherited)",
				);
				GCC_WARN_64_TO_32_BIT_CONVERSION = YES;
				GCC_WARN_ABOUT_RETURN_TYPE = YES_ERROR;
				GCC_WARN_UNDECLARED_SELECTOR = YES;
				GCC_WARN_UNINITIALIZED_AUTOS = YES_AGGRESSIVE;
				GCC_WARN_UNUSED_FUNCTION = YES;
				GCC_WARN_UNUSED_VARIABLE = YES;
				IPHONEOS_DEPLOYMENT_TARGET = 9.3;
				MACH_O_TYPE = mh_execute;
				MTL_ENABLE_DEBUG_INFO = YES;
				ONLY_ACTIVE_ARCH = YES;
				SDKROOT = iphoneos;
				SWIFT_OPTIMIZATION_LEVEL = "-Onone";
				TARGETED_DEVICE_FAMILY = 2;
			};
			name = Debug;
		};
		D2A5E25F1DB5B395009070EE /* Release */ = {
			isa = XCBuildConfiguration;
			buildSettings = {
				ALWAYS_SEARCH_USER_PATHS = NO;
				CLANG_ANALYZER_NONNULL = YES;
				CLANG_CXX_LANGUAGE_STANDARD = "gnu++0x";
				CLANG_CXX_LIBRARY = "libc++";
				CLANG_ENABLE_MODULES = YES;
				CLANG_ENABLE_OBJC_ARC = YES;
				CLANG_WARN_BOOL_CONVERSION = YES;
				CLANG_WARN_CONSTANT_CONVERSION = YES;
				CLANG_WARN_DIRECT_OBJC_ISA_USAGE = YES_ERROR;
				CLANG_WARN_EMPTY_BODY = YES;
				CLANG_WARN_ENUM_CONVERSION = YES;
				CLANG_WARN_INT_CONVERSION = YES;
				CLANG_WARN_OBJC_ROOT_CLASS = YES_ERROR;
				CLANG_WARN_UNREACHABLE_CODE = YES;
				CLANG_WARN__DUPLICATE_METHOD_MATCH = YES;
				"CODE_SIGN_IDENTITY[sdk=iphoneos*]" = "iPhone Developer";
				COPY_PHASE_STRIP = NO;
				DEBUG_INFORMATION_FORMAT = "dwarf-with-dsym";
				ENABLE_NS_ASSERTIONS = NO;
				ENABLE_STRICT_OBJC_MSGSEND = YES;
				GCC_C_LANGUAGE_STANDARD = gnu99;
				GCC_NO_COMMON_BLOCKS = YES;
				GCC_WARN_64_TO_32_BIT_CONVERSION = YES;
				GCC_WARN_ABOUT_RETURN_TYPE = YES_ERROR;
				GCC_WARN_UNDECLARED_SELECTOR = YES;
				GCC_WARN_UNINITIALIZED_AUTOS = YES_AGGRESSIVE;
				GCC_WARN_UNUSED_FUNCTION = YES;
				GCC_WARN_UNUSED_VARIABLE = YES;
				IPHONEOS_DEPLOYMENT_TARGET = 9.3;
				MACH_O_TYPE = mh_execute;
				MTL_ENABLE_DEBUG_INFO = NO;
				SDKROOT = iphoneos;
				TARGETED_DEVICE_FAMILY = 2;
				VALIDATE_PRODUCT = YES;
			};
			name = Release;
		};
		D2A5E2611DB5B395009070EE /* Debug */ = {
			isa = XCBuildConfiguration;
			baseConfigurationReference = F2FBD78D68CB480CB4B221A7 /* Pods-ducktab.debug.xcconfig */;
			buildSettings = {
				ASSETCATALOG_COMPILER_APPICON_NAME = AppIcon;
				DEVELOPMENT_TEAM = JAEK7PRRU8;
				INFOPLIST_FILE = ducktab/Info.plist;
				LD_RUNPATH_SEARCH_PATHS = "$(inherited) @executable_path/Frameworks";
				PRODUCT_BUNDLE_IDENTIFIER = edu.gatech.ducktab;
				PRODUCT_NAME = "$(TARGET_NAME)";
				SWIFT_VERSION = 2.3;
			};
			name = Debug;
		};
		D2A5E2621DB5B395009070EE /* Release */ = {
			isa = XCBuildConfiguration;
			baseConfigurationReference = 6B7FCB47302D00E2ED3B309A /* Pods-ducktab.release.xcconfig */;
			buildSettings = {
				ASSETCATALOG_COMPILER_APPICON_NAME = AppIcon;
				DEVELOPMENT_TEAM = JAEK7PRRU8;
				INFOPLIST_FILE = ducktab/Info.plist;
				LD_RUNPATH_SEARCH_PATHS = "$(inherited) @executable_path/Frameworks";
				PRODUCT_BUNDLE_IDENTIFIER = edu.gatech.ducktab;
				PRODUCT_NAME = "$(TARGET_NAME)";
				SWIFT_VERSION = 2.3;
			};
			name = Release;
		};
		D2A5E2641DB5B395009070EE /* Debug */ = {
			isa = XCBuildConfiguration;
			baseConfigurationReference = E56B5D360D27835A92835096 /* Pods-ducktabTests.debug.xcconfig */;
			buildSettings = {
				BUNDLE_LOADER = "$(TEST_HOST)";
				INFOPLIST_FILE = ducktabTests/Info.plist;
				LD_RUNPATH_SEARCH_PATHS = "$(inherited) @executable_path/Frameworks @loader_path/Frameworks";
				PRODUCT_BUNDLE_IDENTIFIER = edu.gatech.ducktabTests;
				PRODUCT_NAME = "$(TARGET_NAME)";
				TEST_HOST = "$(BUILT_PRODUCTS_DIR)/ducktab.app/ducktab";
			};
			name = Debug;
		};
		D2A5E2651DB5B395009070EE /* Release */ = {
			isa = XCBuildConfiguration;
			baseConfigurationReference = 4E1F023619EA94029E1ACE0B /* Pods-ducktabTests.release.xcconfig */;
			buildSettings = {
				BUNDLE_LOADER = "$(TEST_HOST)";
				INFOPLIST_FILE = ducktabTests/Info.plist;
				LD_RUNPATH_SEARCH_PATHS = "$(inherited) @executable_path/Frameworks @loader_path/Frameworks";
				PRODUCT_BUNDLE_IDENTIFIER = edu.gatech.ducktabTests;
				PRODUCT_NAME = "$(TARGET_NAME)";
				TEST_HOST = "$(BUILT_PRODUCTS_DIR)/ducktab.app/ducktab";
			};
			name = Release;
		};
		D2A5E2671DB5B395009070EE /* Debug */ = {
			isa = XCBuildConfiguration;
			baseConfigurationReference = 5FE1D1EFA78274DB9016B2A4 /* Pods-ducktabUITests.debug.xcconfig */;
			buildSettings = {
				INFOPLIST_FILE = ducktabUITests/Info.plist;
				LD_RUNPATH_SEARCH_PATHS = "$(inherited) @executable_path/Frameworks @loader_path/Frameworks";
				PRODUCT_BUNDLE_IDENTIFIER = edu.gatech.ducktabUITests;
				PRODUCT_NAME = "$(TARGET_NAME)";
				TEST_TARGET_NAME = ducktab;
			};
			name = Debug;
		};
		D2A5E2681DB5B395009070EE /* Release */ = {
			isa = XCBuildConfiguration;
			baseConfigurationReference = 33D95F14C35993E71F305E65 /* Pods-ducktabUITests.release.xcconfig */;
			buildSettings = {
				INFOPLIST_FILE = ducktabUITests/Info.plist;
				LD_RUNPATH_SEARCH_PATHS = "$(inherited) @executable_path/Frameworks @loader_path/Frameworks";
				PRODUCT_BUNDLE_IDENTIFIER = edu.gatech.ducktabUITests;
				PRODUCT_NAME = "$(TARGET_NAME)";
				TEST_TARGET_NAME = ducktab;
			};
			name = Release;
		};
/* End XCBuildConfiguration section */

/* Begin XCConfigurationList section */
		D2A5E2301DB5B395009070EE /* Build configuration list for PBXProject "ducktab" */ = {
			isa = XCConfigurationList;
			buildConfigurations = (
				D2A5E25E1DB5B395009070EE /* Debug */,
				D2A5E25F1DB5B395009070EE /* Release */,
			);
			defaultConfigurationIsVisible = 0;
			defaultConfigurationName = Release;
		};
		D2A5E2601DB5B395009070EE /* Build configuration list for PBXNativeTarget "ducktab" */ = {
			isa = XCConfigurationList;
			buildConfigurations = (
				D2A5E2611DB5B395009070EE /* Debug */,
				D2A5E2621DB5B395009070EE /* Release */,
			);
			defaultConfigurationIsVisible = 0;
			defaultConfigurationName = Release;
		};
		D2A5E2631DB5B395009070EE /* Build configuration list for PBXNativeTarget "ducktabTests" */ = {
			isa = XCConfigurationList;
			buildConfigurations = (
				D2A5E2641DB5B395009070EE /* Debug */,
				D2A5E2651DB5B395009070EE /* Release */,
			);
			defaultConfigurationIsVisible = 0;
			defaultConfigurationName = Release;
		};
		D2A5E2661DB5B395009070EE /* Build configuration list for PBXNativeTarget "ducktabUITests" */ = {
			isa = XCConfigurationList;
			buildConfigurations = (
				D2A5E2671DB5B395009070EE /* Debug */,
				D2A5E2681DB5B395009070EE /* Release */,
			);
			defaultConfigurationIsVisible = 0;
			defaultConfigurationName = Release;
		};
/* End XCConfigurationList section */

/* Begin XCVersionGroup section */
		D2A5E23F1DB5B395009070EE /* ducktab.xcdatamodeld */ = {
			isa = XCVersionGroup;
			children = (
				D2A5E2401DB5B395009070EE /* ducktab.xcdatamodel */,
			);
			currentVersion = D2A5E2401DB5B395009070EE /* ducktab.xcdatamodel */;
			path = ducktab.xcdatamodeld;
			sourceTree = "<group>";
			versionGroupType = wrapper.xcdatamodel;
		};
/* End XCVersionGroup section */
	};
	rootObject = D2A5E22D1DB5B395009070EE /* Project object */;
}
