// !$*UTF8*$!
{
	archiveVersion = 1;
	classes = {
	};
	objectVersion = 46;
	objects = {

/* Begin PBXBuildFile section */
		D2E659E11DABD41000A5A465 /* AppDelegate.swift in Sources */ = {isa = PBXBuildFile; fileRef = D2E659E01DABD41000A5A465 /* AppDelegate.swift */; };
		D2E659E41DABD41000A5A465 /* ducktab.xcdatamodeld in Sources */ = {isa = PBXBuildFile; fileRef = D2E659E21DABD41000A5A465 /* ducktab.xcdatamodeld */; };
		D2E659E61DABD41000A5A465 /* MasterViewController.swift in Sources */ = {isa = PBXBuildFile; fileRef = D2E659E51DABD41000A5A465 /* MasterViewController.swift */; };
		D2E659E81DABD41000A5A465 /* DetailViewController.swift in Sources */ = {isa = PBXBuildFile; fileRef = D2E659E71DABD41000A5A465 /* DetailViewController.swift */; };
		D2E659EB1DABD41000A5A465 /* Main.storyboard in Resources */ = {isa = PBXBuildFile; fileRef = D2E659E91DABD41000A5A465 /* Main.storyboard */; };
		D2E659ED1DABD41000A5A465 /* Assets.xcassets in Resources */ = {isa = PBXBuildFile; fileRef = D2E659EC1DABD41000A5A465 /* Assets.xcassets */; };
		D2E659F01DABD41000A5A465 /* LaunchScreen.storyboard in Resources */ = {isa = PBXBuildFile; fileRef = D2E659EE1DABD41000A5A465 /* LaunchScreen.storyboard */; };
		D2E659FB1DABD41000A5A465 /* ducktabTests.swift in Sources */ = {isa = PBXBuildFile; fileRef = D2E659FA1DABD41000A5A465 /* ducktabTests.swift */; };
		D2E65A061DABD41000A5A465 /* ducktabUITests.swift in Sources */ = {isa = PBXBuildFile; fileRef = D2E65A051DABD41000A5A465 /* ducktabUITests.swift */; };
/* End PBXBuildFile section */

/* Begin PBXContainerItemProxy section */
		D2E659F71DABD41000A5A465 /* PBXContainerItemProxy */ = {
			isa = PBXContainerItemProxy;
			containerPortal = D2E659D51DABD41000A5A465 /* Project object */;
			proxyType = 1;
			remoteGlobalIDString = D2E659DC1DABD41000A5A465;
			remoteInfo = ducktab;
		};
		D2E65A021DABD41000A5A465 /* PBXContainerItemProxy */ = {
			isa = PBXContainerItemProxy;
			containerPortal = D2E659D51DABD41000A5A465 /* Project object */;
			proxyType = 1;
			remoteGlobalIDString = D2E659DC1DABD41000A5A465;
			remoteInfo = ducktab;
		};
/* End PBXContainerItemProxy section */

/* Begin PBXFileReference section */
		D2E659DD1DABD41000A5A465 /* ducktab.app */ = {isa = PBXFileReference; explicitFileType = wrapper.application; includeInIndex = 0; path = ducktab.app; sourceTree = BUILT_PRODUCTS_DIR; };
		D2E659E01DABD41000A5A465 /* AppDelegate.swift */ = {isa = PBXFileReference; lastKnownFileType = sourcecode.swift; path = AppDelegate.swift; sourceTree = "<group>"; };
		D2E659E31DABD41000A5A465 /* ducktab.xcdatamodel */ = {isa = PBXFileReference; lastKnownFileType = wrapper.xcdatamodel; path = ducktab.xcdatamodel; sourceTree = "<group>"; };
		D2E659E51DABD41000A5A465 /* MasterViewController.swift */ = {isa = PBXFileReference; lastKnownFileType = sourcecode.swift; path = MasterViewController.swift; sourceTree = "<group>"; };
		D2E659E71DABD41000A5A465 /* DetailViewController.swift */ = {isa = PBXFileReference; lastKnownFileType = sourcecode.swift; path = DetailViewController.swift; sourceTree = "<group>"; };
		D2E659EA1DABD41000A5A465 /* Base */ = {isa = PBXFileReference; lastKnownFileType = file.storyboard; name = Base; path = Base.lproj/Main.storyboard; sourceTree = "<group>"; };
		D2E659EC1DABD41000A5A465 /* Assets.xcassets */ = {isa = PBXFileReference; lastKnownFileType = folder.assetcatalog; path = Assets.xcassets; sourceTree = "<group>"; };
		D2E659EF1DABD41000A5A465 /* Base */ = {isa = PBXFileReference; lastKnownFileType = file.storyboard; name = Base; path = Base.lproj/LaunchScreen.storyboard; sourceTree = "<group>"; };
		D2E659F11DABD41000A5A465 /* Info.plist */ = {isa = PBXFileReference; lastKnownFileType = text.plist.xml; path = Info.plist; sourceTree = "<group>"; };
		D2E659F61DABD41000A5A465 /* ducktabTests.xctest */ = {isa = PBXFileReference; explicitFileType = wrapper.cfbundle; includeInIndex = 0; path = ducktabTests.xctest; sourceTree = BUILT_PRODUCTS_DIR; };
		D2E659FA1DABD41000A5A465 /* ducktabTests.swift */ = {isa = PBXFileReference; lastKnownFileType = sourcecode.swift; path = ducktabTests.swift; sourceTree = "<group>"; };
		D2E659FC1DABD41000A5A465 /* Info.plist */ = {isa = PBXFileReference; lastKnownFileType = text.plist.xml; path = Info.plist; sourceTree = "<group>"; };
		D2E65A011DABD41000A5A465 /* ducktabUITests.xctest */ = {isa = PBXFileReference; explicitFileType = wrapper.cfbundle; includeInIndex = 0; path = ducktabUITests.xctest; sourceTree = BUILT_PRODUCTS_DIR; };
		D2E65A051DABD41000A5A465 /* ducktabUITests.swift */ = {isa = PBXFileReference; lastKnownFileType = sourcecode.swift; path = ducktabUITests.swift; sourceTree = "<group>"; };
		D2E65A071DABD41000A5A465 /* Info.plist */ = {isa = PBXFileReference; lastKnownFileType = text.plist.xml; path = Info.plist; sourceTree = "<group>"; };
/* End PBXFileReference section */

/* Begin PBXFrameworksBuildPhase section */
		D2E659DA1DABD41000A5A465 /* Frameworks */ = {
			isa = PBXFrameworksBuildPhase;
			buildActionMask = 2147483647;
			files = (
			);
			runOnlyForDeploymentPostprocessing = 0;
		};
		D2E659F31DABD41000A5A465 /* Frameworks */ = {
			isa = PBXFrameworksBuildPhase;
			buildActionMask = 2147483647;
			files = (
			);
			runOnlyForDeploymentPostprocessing = 0;
		};
		D2E659FE1DABD41000A5A465 /* Frameworks */ = {
			isa = PBXFrameworksBuildPhase;
			buildActionMask = 2147483647;
			files = (
			);
			runOnlyForDeploymentPostprocessing = 0;
		};
/* End PBXFrameworksBuildPhase section */

/* Begin PBXGroup section */
		D2E659D41DABD41000A5A465 = {
			isa = PBXGroup;
			children = (
				D2E659DF1DABD41000A5A465 /* ducktab */,
				D2E659F91DABD41000A5A465 /* ducktabTests */,
				D2E65A041DABD41000A5A465 /* ducktabUITests */,
				D2E659DE1DABD41000A5A465 /* Products */,
			);
			sourceTree = "<group>";
		};
		D2E659DE1DABD41000A5A465 /* Products */ = {
			isa = PBXGroup;
			children = (
				D2E659DD1DABD41000A5A465 /* ducktab.app */,
				D2E659F61DABD41000A5A465 /* ducktabTests.xctest */,
				D2E65A011DABD41000A5A465 /* ducktabUITests.xctest */,
			);
			name = Products;
			sourceTree = "<group>";
		};
		D2E659DF1DABD41000A5A465 /* ducktab */ = {
			isa = PBXGroup;
			children = (
				D2E659E01DABD41000A5A465 /* AppDelegate.swift */,
				D2E659E51DABD41000A5A465 /* MasterViewController.swift */,
				D2E659E71DABD41000A5A465 /* DetailViewController.swift */,
				D2E659E91DABD41000A5A465 /* Main.storyboard */,
				D2E659EC1DABD41000A5A465 /* Assets.xcassets */,
				D2E659EE1DABD41000A5A465 /* LaunchScreen.storyboard */,
				D2E659F11DABD41000A5A465 /* Info.plist */,
				D2E659E21DABD41000A5A465 /* ducktab.xcdatamodeld */,
			);
			path = ducktab;
			sourceTree = "<group>";
		};
		D2E659F91DABD41000A5A465 /* ducktabTests */ = {
			isa = PBXGroup;
			children = (
				D2E659FA1DABD41000A5A465 /* ducktabTests.swift */,
				D2E659FC1DABD41000A5A465 /* Info.plist */,
			);
			path = ducktabTests;
			sourceTree = "<group>";
		};
		D2E65A041DABD41000A5A465 /* ducktabUITests */ = {
			isa = PBXGroup;
			children = (
				D2E65A051DABD41000A5A465 /* ducktabUITests.swift */,
				D2E65A071DABD41000A5A465 /* Info.plist */,
			);
			path = ducktabUITests;
			sourceTree = "<group>";
		};
/* End PBXGroup section */

/* Begin PBXNativeTarget section */
		D2E659DC1DABD41000A5A465 /* ducktab */ = {
			isa = PBXNativeTarget;
			buildConfigurationList = D2E65A0A1DABD41000A5A465 /* Build configuration list for PBXNativeTarget "ducktab" */;
			buildPhases = (
				D2E659D91DABD41000A5A465 /* Sources */,
				D2E659DA1DABD41000A5A465 /* Frameworks */,
				D2E659DB1DABD41000A5A465 /* Resources */,
			);
			buildRules = (
			);
			dependencies = (
			);
			name = ducktab;
			productName = ducktab;
			productReference = D2E659DD1DABD41000A5A465 /* ducktab.app */;
			productType = "com.apple.product-type.application";
		};
		D2E659F51DABD41000A5A465 /* ducktabTests */ = {
			isa = PBXNativeTarget;
			buildConfigurationList = D2E65A0D1DABD41000A5A465 /* Build configuration list for PBXNativeTarget "ducktabTests" */;
			buildPhases = (
				D2E659F21DABD41000A5A465 /* Sources */,
				D2E659F31DABD41000A5A465 /* Frameworks */,
				D2E659F41DABD41000A5A465 /* Resources */,
			);
			buildRules = (
			);
			dependencies = (
				D2E659F81DABD41000A5A465 /* PBXTargetDependency */,
			);
			name = ducktabTests;
			productName = ducktabTests;
			productReference = D2E659F61DABD41000A5A465 /* ducktabTests.xctest */;
			productType = "com.apple.product-type.bundle.unit-test";
		};
		D2E65A001DABD41000A5A465 /* ducktabUITests */ = {
			isa = PBXNativeTarget;
			buildConfigurationList = D2E65A101DABD41000A5A465 /* Build configuration list for PBXNativeTarget "ducktabUITests" */;
			buildPhases = (
				D2E659FD1DABD41000A5A465 /* Sources */,
				D2E659FE1DABD41000A5A465 /* Frameworks */,
				D2E659FF1DABD41000A5A465 /* Resources */,
			);
			buildRules = (
			);
			dependencies = (
				D2E65A031DABD41000A5A465 /* PBXTargetDependency */,
			);
			name = ducktabUITests;
			productName = ducktabUITests;
			productReference = D2E65A011DABD41000A5A465 /* ducktabUITests.xctest */;
			productType = "com.apple.product-type.bundle.ui-testing";
		};
/* End PBXNativeTarget section */

/* Begin PBXProject section */
		D2E659D51DABD41000A5A465 /* Project object */ = {
			isa = PBXProject;
			attributes = {
				LastSwiftUpdateCheck = 0730;
				LastUpgradeCheck = 0730;
				ORGANIZATIONNAME = "Georgia Tech";
				TargetAttributes = {
					D2E659DC1DABD41000A5A465 = {
						CreatedOnToolsVersion = 7.3.1;
					};
					D2E659F51DABD41000A5A465 = {
						CreatedOnToolsVersion = 7.3.1;
						TestTargetID = D2E659DC1DABD41000A5A465;
					};
					D2E65A001DABD41000A5A465 = {
						CreatedOnToolsVersion = 7.3.1;
						TestTargetID = D2E659DC1DABD41000A5A465;
					};
				};
			};
			buildConfigurationList = D2E659D81DABD41000A5A465 /* Build configuration list for PBXProject "ducktab" */;
			compatibilityVersion = "Xcode 3.2";
			developmentRegion = English;
			hasScannedForEncodings = 0;
			knownRegions = (
				en,
				Base,
			);
			mainGroup = D2E659D41DABD41000A5A465;
			productRefGroup = D2E659DE1DABD41000A5A465 /* Products */;
			projectDirPath = "";
			projectRoot = "";
			targets = (
				D2E659DC1DABD41000A5A465 /* ducktab */,
				D2E659F51DABD41000A5A465 /* ducktabTests */,
				D2E65A001DABD41000A5A465 /* ducktabUITests */,
			);
		};
/* End PBXProject section */

/* Begin PBXResourcesBuildPhase section */
		D2E659DB1DABD41000A5A465 /* Resources */ = {
			isa = PBXResourcesBuildPhase;
			buildActionMask = 2147483647;
			files = (
				D2E659F01DABD41000A5A465 /* LaunchScreen.storyboard in Resources */,
				D2E659ED1DABD41000A5A465 /* Assets.xcassets in Resources */,
				D2E659EB1DABD41000A5A465 /* Main.storyboard in Resources */,
			);
			runOnlyForDeploymentPostprocessing = 0;
		};
		D2E659F41DABD41000A5A465 /* Resources */ = {
			isa = PBXResourcesBuildPhase;
			buildActionMask = 2147483647;
			files = (
			);
			runOnlyForDeploymentPostprocessing = 0;
		};
		D2E659FF1DABD41000A5A465 /* Resources */ = {
			isa = PBXResourcesBuildPhase;
			buildActionMask = 2147483647;
			files = (
			);
			runOnlyForDeploymentPostprocessing = 0;
		};
/* End PBXResourcesBuildPhase section */

/* Begin PBXSourcesBuildPhase section */
		D2E659D91DABD41000A5A465 /* Sources */ = {
			isa = PBXSourcesBuildPhase;
			buildActionMask = 2147483647;
			files = (
				D2E659E41DABD41000A5A465 /* ducktab.xcdatamodeld in Sources */,
				D2E659E11DABD41000A5A465 /* AppDelegate.swift in Sources */,
				D2E659E61DABD41000A5A465 /* MasterViewController.swift in Sources */,
				D2E659E81DABD41000A5A465 /* DetailViewController.swift in Sources */,
			);
			runOnlyForDeploymentPostprocessing = 0;
		};
		D2E659F21DABD41000A5A465 /* Sources */ = {
			isa = PBXSourcesBuildPhase;
			buildActionMask = 2147483647;
			files = (
				D2E659FB1DABD41000A5A465 /* ducktabTests.swift in Sources */,
			);
			runOnlyForDeploymentPostprocessing = 0;
		};
		D2E659FD1DABD41000A5A465 /* Sources */ = {
			isa = PBXSourcesBuildPhase;
			buildActionMask = 2147483647;
			files = (
				D2E65A061DABD41000A5A465 /* ducktabUITests.swift in Sources */,
			);
			runOnlyForDeploymentPostprocessing = 0;
		};
/* End PBXSourcesBuildPhase section */

/* Begin PBXTargetDependency section */
		D2E659F81DABD41000A5A465 /* PBXTargetDependency */ = {
			isa = PBXTargetDependency;
			target = D2E659DC1DABD41000A5A465 /* ducktab */;
			targetProxy = D2E659F71DABD41000A5A465 /* PBXContainerItemProxy */;
		};
		D2E65A031DABD41000A5A465 /* PBXTargetDependency */ = {
			isa = PBXTargetDependency;
			target = D2E659DC1DABD41000A5A465 /* ducktab */;
			targetProxy = D2E65A021DABD41000A5A465 /* PBXContainerItemProxy */;
		};
/* End PBXTargetDependency section */

/* Begin PBXVariantGroup section */
		D2E659E91DABD41000A5A465 /* Main.storyboard */ = {
			isa = PBXVariantGroup;
			children = (
				D2E659EA1DABD41000A5A465 /* Base */,
			);
			name = Main.storyboard;
			sourceTree = "<group>";
		};
		D2E659EE1DABD41000A5A465 /* LaunchScreen.storyboard */ = {
			isa = PBXVariantGroup;
			children = (
				D2E659EF1DABD41000A5A465 /* Base */,
			);
			name = LaunchScreen.storyboard;
			sourceTree = "<group>";
		};
/* End PBXVariantGroup section */

/* Begin XCBuildConfiguration section */
		D2E65A081DABD41000A5A465 /* Debug */ = {
			isa = XCBuildConfiguration;
			buildSettings = {
				ALWAYS_SEARCH_USER_PATHS = NO;
				CLANG_ANALYZER_NONNULL = YES;
				CLANG_CXX_LANGUAGE_STANDARD = "gnu++0x";
				CLANG_CXX_LIBRARY = "libc++";
				CLANG_ENABLE_MODULES = YES;
				CLANG_ENABLE_OBJC_ARC = YES;
				CLANG_WARN_BOOL_CONVERSION = YES;
				CLANG_WARN_CONSTANT_CONVERSION = YES;
				CLANG_WARN_DIRECT_OBJC_ISA_USAGE = YES_ERROR;
				CLANG_WARN_EMPTY_BODY = YES;
				CLANG_WARN_ENUM_CONVERSION = YES;
				CLANG_WARN_INT_CONVERSION = YES;
				CLANG_WARN_OBJC_ROOT_CLASS = YES_ERROR;
				CLANG_WARN_UNREACHABLE_CODE = YES;
				CLANG_WARN__DUPLICATE_METHOD_MATCH = YES;
				"CODE_SIGN_IDENTITY[sdk=iphoneos*]" = "iPhone Developer";
				COPY_PHASE_STRIP = NO;
				DEBUG_INFORMATION_FORMAT = dwarf;
				ENABLE_STRICT_OBJC_MSGSEND = YES;
				ENABLE_TESTABILITY = YES;
				GCC_C_LANGUAGE_STANDARD = gnu99;
				GCC_DYNAMIC_NO_PIC = NO;
				GCC_NO_COMMON_BLOCKS = YES;
				GCC_OPTIMIZATION_LEVEL = 0;
				GCC_PREPROCESSOR_DEFINITIONS = (
					"DEBUG=1",
					"$(inherited)",
				);
				GCC_WARN_64_TO_32_BIT_CONVERSION = YES;
				GCC_WARN_ABOUT_RETURN_TYPE = YES_ERROR;
				GCC_WARN_UNDECLARED_SELECTOR = YES;
				GCC_WARN_UNINITIALIZED_AUTOS = YES_AGGRESSIVE;
				GCC_WARN_UNUSED_FUNCTION = YES;
				GCC_WARN_UNUSED_VARIABLE = YES;
				IPHONEOS_DEPLOYMENT_TARGET = 9.3;
				MTL_ENABLE_DEBUG_INFO = YES;
				ONLY_ACTIVE_ARCH = YES;
				SDKROOT = iphoneos;
				SWIFT_OPTIMIZATION_LEVEL = "-Onone";
				TARGETED_DEVICE_FAMILY = 2;
			};
			name = Debug;
		};
		D2E65A091DABD41000A5A465 /* Release */ = {
			isa = XCBuildConfiguration;
			buildSettings = {
				ALWAYS_SEARCH_USER_PATHS = NO;
				CLANG_ANALYZER_NONNULL = YES;
				CLANG_CXX_LANGUAGE_STANDARD = "gnu++0x";
				CLANG_CXX_LIBRARY = "libc++";
				CLANG_ENABLE_MODULES = YES;
				CLANG_ENABLE_OBJC_ARC = YES;
				CLANG_WARN_BOOL_CONVERSION = YES;
				CLANG_WARN_CONSTANT_CONVERSION = YES;
				CLANG_WARN_DIRECT_OBJC_ISA_USAGE = YES_ERROR;
				CLANG_WARN_EMPTY_BODY = YES;
				CLANG_WARN_ENUM_CONVERSION = YES;
				CLANG_WARN_INT_CONVERSION = YES;
				CLANG_WARN_OBJC_ROOT_CLASS = YES_ERROR;
				CLANG_WARN_UNREACHABLE_CODE = YES;
				CLANG_WARN__DUPLICATE_METHOD_MATCH = YES;
				"CODE_SIGN_IDENTITY[sdk=iphoneos*]" = "iPhone Developer";
				COPY_PHASE_STRIP = NO;
				DEBUG_INFORMATION_FORMAT = "dwarf-with-dsym";
				ENABLE_NS_ASSERTIONS = NO;
				ENABLE_STRICT_OBJC_MSGSEND = YES;
				GCC_C_LANGUAGE_STANDARD = gnu99;
				GCC_NO_COMMON_BLOCKS = YES;
				GCC_WARN_64_TO_32_BIT_CONVERSION = YES;
				GCC_WARN_ABOUT_RETURN_TYPE = YES_ERROR;
				GCC_WARN_UNDECLARED_SELECTOR = YES;
				GCC_WARN_UNINITIALIZED_AUTOS = YES_AGGRESSIVE;
				GCC_WARN_UNUSED_FUNCTION = YES;
				GCC_WARN_UNUSED_VARIABLE = YES;
				IPHONEOS_DEPLOYMENT_TARGET = 9.3;
				MTL_ENABLE_DEBUG_INFO = NO;
				SDKROOT = iphoneos;
				TARGETED_DEVICE_FAMILY = 2;
				VALIDATE_PRODUCT = YES;
			};
			name = Release;
		};
		D2E65A0B1DABD41000A5A465 /* Debug */ = {
			isa = XCBuildConfiguration;
			buildSettings = {
				ASSETCATALOG_COMPILER_APPICON_NAME = AppIcon;
				INFOPLIST_FILE = ducktab/Info.plist;
				LD_RUNPATH_SEARCH_PATHS = "$(inherited) @executable_path/Frameworks";
				PRODUCT_BUNDLE_IDENTIFIER = gatech.ducktab;
				PRODUCT_NAME = "$(TARGET_NAME)";
				TARGETED_DEVICE_FAMILY = 2;
			};
			name = Debug;
		};
		D2E65A0C1DABD41000A5A465 /* Release */ = {
			isa = XCBuildConfiguration;
			buildSettings = {
				ASSETCATALOG_COMPILER_APPICON_NAME = AppIcon;
				INFOPLIST_FILE = ducktab/Info.plist;
				LD_RUNPATH_SEARCH_PATHS = "$(inherited) @executable_path/Frameworks";
				PRODUCT_BUNDLE_IDENTIFIER = gatech.ducktab;
				PRODUCT_NAME = "$(TARGET_NAME)";
				TARGETED_DEVICE_FAMILY = 2;
			};
			name = Release;
		};
		D2E65A0E1DABD41000A5A465 /* Debug */ = {
			isa = XCBuildConfiguration;
			buildSettings = {
				BUNDLE_LOADER = "$(TEST_HOST)";
				INFOPLIST_FILE = ducktabTests/Info.plist;
				LD_RUNPATH_SEARCH_PATHS = "$(inherited) @executable_path/Frameworks @loader_path/Frameworks";
				PRODUCT_BUNDLE_IDENTIFIER = gatech.ducktabTests;
				PRODUCT_NAME = "$(TARGET_NAME)";
				TEST_HOST = "$(BUILT_PRODUCTS_DIR)/ducktab.app/ducktab";
			};
			name = Debug;
		};
		D2E65A0F1DABD41000A5A465 /* Release */ = {
			isa = XCBuildConfiguration;
			buildSettings = {
				BUNDLE_LOADER = "$(TEST_HOST)";
				INFOPLIST_FILE = ducktabTests/Info.plist;
				LD_RUNPATH_SEARCH_PATHS = "$(inherited) @executable_path/Frameworks @loader_path/Frameworks";
				PRODUCT_BUNDLE_IDENTIFIER = gatech.ducktabTests;
				PRODUCT_NAME = "$(TARGET_NAME)";
				TEST_HOST = "$(BUILT_PRODUCTS_DIR)/ducktab.app/ducktab";
			};
			name = Release;
		};
		D2E65A111DABD41000A5A465 /* Debug */ = {
			isa = XCBuildConfiguration;
			buildSettings = {
				INFOPLIST_FILE = ducktabUITests/Info.plist;
				LD_RUNPATH_SEARCH_PATHS = "$(inherited) @executable_path/Frameworks @loader_path/Frameworks";
				PRODUCT_BUNDLE_IDENTIFIER = gatech.ducktabUITests;
				PRODUCT_NAME = "$(TARGET_NAME)";
				TEST_TARGET_NAME = ducktab;
			};
			name = Debug;
		};
		D2E65A121DABD41000A5A465 /* Release */ = {
			isa = XCBuildConfiguration;
			buildSettings = {
				INFOPLIST_FILE = ducktabUITests/Info.plist;
				LD_RUNPATH_SEARCH_PATHS = "$(inherited) @executable_path/Frameworks @loader_path/Frameworks";
				PRODUCT_BUNDLE_IDENTIFIER = gatech.ducktabUITests;
				PRODUCT_NAME = "$(TARGET_NAME)";
				TEST_TARGET_NAME = ducktab;
			};
			name = Release;
		};
/* End XCBuildConfiguration section */

/* Begin XCConfigurationList section */
		D2E659D81DABD41000A5A465 /* Build configuration list for PBXProject "ducktab" */ = {
			isa = XCConfigurationList;
			buildConfigurations = (
				D2E65A081DABD41000A5A465 /* Debug */,
				D2E65A091DABD41000A5A465 /* Release */,
			);
			defaultConfigurationIsVisible = 0;
			defaultConfigurationName = Release;
		};
		D2E65A0A1DABD41000A5A465 /* Build configuration list for PBXNativeTarget "ducktab" */ = {
			isa = XCConfigurationList;
			buildConfigurations = (
				D2E65A0B1DABD41000A5A465 /* Debug */,
				D2E65A0C1DABD41000A5A465 /* Release */,
			);
			defaultConfigurationIsVisible = 0;
		};
		D2E65A0D1DABD41000A5A465 /* Build configuration list for PBXNativeTarget "ducktabTests" */ = {
			isa = XCConfigurationList;
			buildConfigurations = (
				D2E65A0E1DABD41000A5A465 /* Debug */,
				D2E65A0F1DABD41000A5A465 /* Release */,
			);
			defaultConfigurationIsVisible = 0;
		};
		D2E65A101DABD41000A5A465 /* Build configuration list for PBXNativeTarget "ducktabUITests" */ = {
			isa = XCConfigurationList;
			buildConfigurations = (
				D2E65A111DABD41000A5A465 /* Debug */,
				D2E65A121DABD41000A5A465 /* Release */,
			);
			defaultConfigurationIsVisible = 0;
		};
/* End XCConfigurationList section */

/* Begin XCVersionGroup section */
		D2E659E21DABD41000A5A465 /* ducktab.xcdatamodeld */ = {
			isa = XCVersionGroup;
			children = (
				D2E659E31DABD41000A5A465 /* ducktab.xcdatamodel */,
			);
			currentVersion = D2E659E31DABD41000A5A465 /* ducktab.xcdatamodel */;
			path = ducktab.xcdatamodeld;
			sourceTree = "<group>";
			versionGroupType = wrapper.xcdatamodel;
		};
/* End XCVersionGroup section */
	};
	rootObject = D2E659D51DABD41000A5A465 /* Project object */;
}
